
Microsoft Visual Studio Solution File, Format Version 12.00
# Visual Studio Version 16
VisualStudioVersion = 16.0.28803.202
MinimumVisualStudioVersion = 10.0.40219.1
Project("{FAE04EC0-301F-11D3-BF4B-00C04F79EFBC}") = "PollingApp.Android", "PollingApp\PollingApp.Android\PollingApp.Android.csproj", "{11075A2B-09ED-49AA-81CE-04479B941DEC}"
EndProject
Project("{FAE04EC0-301F-11D3-BF4B-00C04F79EFBC}") = "PollingApp.iOS", "PollingApp\PollingApp.iOS\PollingApp.iOS.csproj", "{BAD06932-D51A-4067-899E-4B8A7411971A}"
EndProject
Project("{FAE04EC0-301F-11D3-BF4B-00C04F79EFBC}") = "PollingApp", "PollingApp\PollingApp\PollingApp.csproj", "{C50FF85A-1497-45E0-B462-02D6F794309A}"
EndProject
Global
	GlobalSection(SolutionConfigurationPlatforms) = preSolution
		Debug|Any CPU = Debug|Any CPU
		Debug|iPhone = Debug|iPhone
		Debug|iPhoneSimulator = Debug|iPhoneSimulator
		Release|Any CPU = Release|Any CPU
		Release|iPhone = Release|iPhone
		Release|iPhoneSimulator = Release|iPhoneSimulator
	EndGlobalSection
	GlobalSection(ProjectConfigurationPlatforms) = postSolution
		{11075A2B-09ED-49AA-81CE-04479B941DEC}.Debug|Any CPU.ActiveCfg = Debug|Any CPU
		{11075A2B-09ED-49AA-81CE-04479B941DEC}.Debug|Any CPU.Build.0 = Debug|Any CPU
		{11075A2B-09ED-49AA-81CE-04479B941DEC}.Debug|Any CPU.Deploy.0 = Debug|Any CPU
		{11075A2B-09ED-49AA-81CE-04479B941DEC}.Debug|iPhone.ActiveCfg = Debug|Any CPU
		{11075A2B-09ED-49AA-81CE-04479B941DEC}.Debug|iPhone.Build.0 = Debug|Any CPU
		{11075A2B-09ED-49AA-81CE-04479B941DEC}.Debug|iPhone.Deploy.0 = Debug|Any CPU
		{11075A2B-09ED-49AA-81CE-04479B941DEC}.Debug|iPhoneSimulator.ActiveCfg = Debug|Any CPU
		{11075A2B-09ED-49AA-81CE-04479B941DEC}.Debug|iPhoneSimulator.Build.0 = Debug|Any CPU
		{11075A2B-09ED-49AA-81CE-04479B941DEC}.Debug|iPhoneSimulator.Deploy.0 = Debug|Any CPU
		{11075A2B-09ED-49AA-81CE-04479B941DEC}.Release|Any CPU.ActiveCfg = Release|Any CPU
		{11075A2B-09ED-49AA-81CE-04479B941DEC}.Release|Any CPU.Build.0 = Release|Any CPU
		{11075A2B-09ED-49AA-81CE-04479B941DEC}.Release|Any CPU.Deploy.0 = Release|Any CPU
		{11075A2B-09ED-49AA-81CE-04479B941DEC}.Release|iPhone.ActiveCfg = Release|Any CPU
		{11075A2B-09ED-49AA-81CE-04479B941DEC}.Release|iPhone.Build.0 = Release|Any CPU
		{11075A2B-09ED-49AA-81CE-04479B941DEC}.Release|iPhone.Deploy.0 = Release|Any CPU
		{11075A2B-09ED-49AA-81CE-04479B941DEC}.Release|iPhoneSimulator.ActiveCfg = Release|Any CPU
		{11075A2B-09ED-49AA-81CE-04479B941DEC}.Release|iPhoneSimulator.Build.0 = Release|Any CPU
		{11075A2B-09ED-49AA-81CE-04479B941DEC}.Release|iPhoneSimulator.Deploy.0 = Release|Any CPU
		{BAD06932-D51A-4067-899E-4B8A7411971A}.Debug|Any CPU.ActiveCfg = Debug|iPhoneSimulator
		{BAD06932-D51A-4067-899E-4B8A7411971A}.Debug|Any CPU.Build.0 = Debug|iPhoneSimulator
		{BAD06932-D51A-4067-899E-4B8A7411971A}.Debug|Any CPU.Deploy.0 = Debug|iPhoneSimulator
		{BAD06932-D51A-4067-899E-4B8A7411971A}.Debug|iPhone.ActiveCfg = Debug|iPhone
		{BAD06932-D51A-4067-899E-4B8A7411971A}.Debug|iPhone.Build.0 = Debug|iPhone
		{BAD06932-D51A-4067-899E-4B8A7411971A}.Debug|iPhone.Deploy.0 = Debug|iPhone
		{BAD06932-D51A-4067-899E-4B8A7411971A}.Debug|iPhoneSimulator.ActiveCfg = Debug|iPhoneSimulator
		{BAD06932-D51A-4067-899E-4B8A7411971A}.Debug|iPhoneSimulator.Build.0 = Debug|iPhoneSimulator
		{BAD06932-D51A-4067-899E-4B8A7411971A}.Debug|iPhoneSimulator.Deploy.0 = Debug|iPhoneSimulator
		{BAD06932-D51A-4067-899E-4B8A7411971A}.Release|Any CPU.ActiveCfg = Release|iPhone
		{BAD06932-D51A-4067-899E-4B8A7411971A}.Release|Any CPU.Build.0 = Release|iPhone
		{BAD06932-D51A-4067-899E-4B8A7411971A}.Release|Any CPU.Deploy.0 = Release|iPhone
		{BAD06932-D51A-4067-899E-4B8A7411971A}.Release|iPhone.ActiveCfg = Release|iPhone
		{BAD06932-D51A-4067-899E-4B8A7411971A}.Release|iPhone.Build.0 = Release|iPhone
		{BAD06932-D51A-4067-899E-4B8A7411971A}.Release|iPhone.Deploy.0 = Release|iPhone
		{BAD06932-D51A-4067-899E-4B8A7411971A}.Release|iPhoneSimulator.ActiveCfg = Release|iPhoneSimulator
		{BAD06932-D51A-4067-899E-4B8A7411971A}.Release|iPhoneSimulator.Build.0 = Release|iPhoneSimulator
		{BAD06932-D51A-4067-899E-4B8A7411971A}.Release|iPhoneSimulator.Deploy.0 = Release|iPhoneSimulator
		{C50FF85A-1497-45E0-B462-02D6F794309A}.Debug|Any CPU.ActiveCfg = Debug|Any CPU
		{C50FF85A-1497-45E0-B462-02D6F794309A}.Debug|Any CPU.Build.0 = Debug|Any CPU
		{C50FF85A-1497-45E0-B462-02D6F794309A}.Debug|Any CPU.Deploy.0 = Debug|Any CPU
		{C50FF85A-1497-45E0-B462-02D6F794309A}.Debug|iPhone.ActiveCfg = Debug|Any CPU
		{C50FF85A-1497-45E0-B462-02D6F794309A}.Debug|iPhone.Build.0 = Debug|Any CPU
		{C50FF85A-1497-45E0-B462-02D6F794309A}.Debug|iPhone.Deploy.0 = Debug|Any CPU
		{C50FF85A-1497-45E0-B462-02D6F794309A}.Debug|iPhoneSimulator.ActiveCfg = Debug|Any CPU
		{C50FF85A-1497-45E0-B462-02D6F794309A}.Debug|iPhoneSimulator.Build.0 = Debug|Any CPU
		{C50FF85A-1497-45E0-B462-02D6F794309A}.Debug|iPhoneSimulator.Deploy.0 = Debug|Any CPU
		{C50FF85A-1497-45E0-B462-02D6F794309A}.Release|Any CPU.ActiveCfg = Release|Any CPU
		{C50FF85A-1497-45E0-B462-02D6F794309A}.Release|Any CPU.Build.0 = Release|Any CPU
		{C50FF85A-1497-45E0-B462-02D6F794309A}.Release|Any CPU.Deploy.0 = Release|Any CPU
		{C50FF85A-1497-45E0-B462-02D6F794309A}.Release|iPhone.ActiveCfg = Release|Any CPU
		{C50FF85A-1497-45E0-B462-02D6F794309A}.Release|iPhone.Build.0 = Release|Any CPU
		{C50FF85A-1497-45E0-B462-02D6F794309A}.Release|iPhone.Deploy.0 = Release|Any CPU
		{C50FF85A-1497-45E0-B462-02D6F794309A}.Release|iPhoneSimulator.ActiveCfg = Release|Any CPU
		{C50FF85A-1497-45E0-B462-02D6F794309A}.Release|iPhoneSimulator.Build.0 = Release|Any CPU
		{C50FF85A-1497-45E0-B462-02D6F794309A}.Release|iPhoneSimulator.Deploy.0 = Release|Any CPU
	EndGlobalSection
	GlobalSection(SolutionProperties) = preSolution
		HideSolutionNode = FALSE
	EndGlobalSection
	GlobalSection(ExtensibilityGlobals) = postSolution
		SolutionGuid = {E5C13D9D-1750-41D7-8DED-59A34534A361}
	EndGlobalSection
EndGlobal
